
Microsoft Visual Studio Solution File, Format Version 12.00
# Visual Studio 14
VisualStudioVersion = 14.0.25420.1
MinimumVisualStudioVersion = 10.0.40219.1
Project("{FAE04EC0-301F-11D3-BF4B-00C04F79EFBC}") = "Task1_1", "Part1\Task1_1.csproj", "{0F4E1696-E3E1-42CC-A73B-07E1E869BDEB}"
EndProject
Project("{FAE04EC0-301F-11D3-BF4B-00C04F79EFBC}") = "Task1_2", "Part2\Task1_2.csproj", "{C0CAC7C6-3979-4D36-A553-C102259A3536}"
EndProject
Project("{FAE04EC0-301F-11D3-BF4B-00C04F79EFBC}") = "Task1_2_2", "Part2_Runner\Task1_2_2.csproj", "{85965D20-6CD9-42D8-A514-837E603BC166}"
EndProject
Project("{FAE04EC0-301F-11D3-BF4B-00C04F79EFBC}") = "Task2_1", "Task2_1\Task2_1.csproj", "{5F29A8A6-74FF-4934-B933-9BC593434346}"
EndProject
Project("{FAE04EC0-301F-11D3-BF4B-00C04F79EFBC}") = "Task2_2", "Task2_2\Task2_2.csproj", "{DB78C0F5-2369-4B7A-A7FB-7850A043F2E1}"
EndProject
Project("{FAE04EC0-301F-11D3-BF4B-00C04F79EFBC}") = "Task2_3", "Task2_3\Task2_3.csproj", "{CAE04EE8-23A5-4304-86F8-B181B353D060}"
EndProject
Project("{2150E333-8FDC-42A3-9474-1A3956D46DE8}") = "Task_2", "Task_2", "{63F4AE77-76D4-4D23-8FB8-E30084C98E16}"
EndProject
Project("{2150E333-8FDC-42A3-9474-1A3956D46DE8}") = "Task_1", "Task_1", "{02784D84-3500-41FB-9060-A0416A3E6CFF}"
EndProject
Project("{FAE04EC0-301F-11D3-BF4B-00C04F79EFBC}") = "Task2_4", "Task2_4\Task2_4.csproj", "{16C79BB7-7719-459E-8EE9-4C22943304C3}"
EndProject
Project("{2150E333-8FDC-42A3-9474-1A3956D46DE8}") = "Task1_2", "Task1_2", "{FCD31AD5-4856-4950-BFB2-99DADADF7632}"
EndProject
Project("{FAE04EC0-301F-11D3-BF4B-00C04F79EFBC}") = "Task1_3", "Task1_3\Task1_3.csproj", "{0C6595E9-0CDD-4AF1-83B4-6AE74DEF4962}"
EndProject
Project("{FAE04EC0-301F-11D3-BF4B-00C04F79EFBC}") = "Task1_3_library", "Task1_3_library\Task1_3_library.csproj", "{9763D8DC-B428-492E-A078-D543C113067E}"
EndProject
Project("{2150E333-8FDC-42A3-9474-1A3956D46DE8}") = "Task1_3", "Task1_3", "{BB4EDD5B-1BB8-4E2D-B96D-063EAC69EDD4}"
EndProject
Global
	GlobalSection(SolutionConfigurationPlatforms) = preSolution
		Debug|Any CPU = Debug|Any CPU
		Release|Any CPU = Release|Any CPU
	EndGlobalSection
	GlobalSection(ProjectConfigurationPlatforms) = postSolution
		{0F4E1696-E3E1-42CC-A73B-07E1E869BDEB}.Debug|Any CPU.ActiveCfg = Debug|Any CPU
		{0F4E1696-E3E1-42CC-A73B-07E1E869BDEB}.Debug|Any CPU.Build.0 = Debug|Any CPU
		{0F4E1696-E3E1-42CC-A73B-07E1E869BDEB}.Release|Any CPU.ActiveCfg = Release|Any CPU
		{0F4E1696-E3E1-42CC-A73B-07E1E869BDEB}.Release|Any CPU.Build.0 = Release|Any CPU
		{C0CAC7C6-3979-4D36-A553-C102259A3536}.Debug|Any CPU.ActiveCfg = Debug|Any CPU
		{C0CAC7C6-3979-4D36-A553-C102259A3536}.Debug|Any CPU.Build.0 = Debug|Any CPU
		{C0CAC7C6-3979-4D36-A553-C102259A3536}.Release|Any CPU.ActiveCfg = Release|Any CPU
		{C0CAC7C6-3979-4D36-A553-C102259A3536}.Release|Any CPU.Build.0 = Release|Any CPU
		{85965D20-6CD9-42D8-A514-837E603BC166}.Debug|Any CPU.ActiveCfg = Debug|Any CPU
		{85965D20-6CD9-42D8-A514-837E603BC166}.Debug|Any CPU.Build.0 = Debug|Any CPU
		{85965D20-6CD9-42D8-A514-837E603BC166}.Release|Any CPU.ActiveCfg = Release|Any CPU
		{85965D20-6CD9-42D8-A514-837E603BC166}.Release|Any CPU.Build.0 = Release|Any CPU
		{5F29A8A6-74FF-4934-B933-9BC593434346}.Debug|Any CPU.ActiveCfg = Debug|Any CPU
		{5F29A8A6-74FF-4934-B933-9BC593434346}.Debug|Any CPU.Build.0 = Debug|Any CPU
		{5F29A8A6-74FF-4934-B933-9BC593434346}.Release|Any CPU.ActiveCfg = Release|Any CPU
		{5F29A8A6-74FF-4934-B933-9BC593434346}.Release|Any CPU.Build.0 = Release|Any CPU
		{DB78C0F5-2369-4B7A-A7FB-7850A043F2E1}.Debug|Any CPU.ActiveCfg = Debug|Any CPU
		{DB78C0F5-2369-4B7A-A7FB-7850A043F2E1}.Debug|Any CPU.Build.0 = Debug|Any CPU
		{DB78C0F5-2369-4B7A-A7FB-7850A043F2E1}.Release|Any CPU.ActiveCfg = Release|Any CPU
		{DB78C0F5-2369-4B7A-A7FB-7850A043F2E1}.Release|Any CPU.Build.0 = Release|Any CPU
		{CAE04EE8-23A5-4304-86F8-B181B353D060}.Debug|Any CPU.ActiveCfg = Debug|Any CPU
		{CAE04EE8-23A5-4304-86F8-B181B353D060}.Debug|Any CPU.Build.0 = Debug|Any CPU
		{CAE04EE8-23A5-4304-86F8-B181B353D060}.Release|Any CPU.ActiveCfg = Release|Any CPU
		{CAE04EE8-23A5-4304-86F8-B181B353D060}.Release|Any CPU.Build.0 = Release|Any CPU
		{16C79BB7-7719-459E-8EE9-4C22943304C3}.Debug|Any CPU.ActiveCfg = Debug|Any CPU
		{16C79BB7-7719-459E-8EE9-4C22943304C3}.Debug|Any CPU.Build.0 = Debug|Any CPU
		{16C79BB7-7719-459E-8EE9-4C22943304C3}.Release|Any CPU.ActiveCfg = Release|Any CPU
		{16C79BB7-7719-459E-8EE9-4C22943304C3}.Release|Any CPU.Build.0 = Release|Any CPU
		{0C6595E9-0CDD-4AF1-83B4-6AE74DEF4962}.Debug|Any CPU.ActiveCfg = Debug|Any CPU
		{0C6595E9-0CDD-4AF1-83B4-6AE74DEF4962}.Debug|Any CPU.Build.0 = Debug|Any CPU
		{0C6595E9-0CDD-4AF1-83B4-6AE74DEF4962}.Release|Any CPU.ActiveCfg = Release|Any CPU
		{0C6595E9-0CDD-4AF1-83B4-6AE74DEF4962}.Release|Any CPU.Build.0 = Release|Any CPU
		{9763D8DC-B428-492E-A078-D543C113067E}.Debug|Any CPU.ActiveCfg = Debug|Any CPU
		{9763D8DC-B428-492E-A078-D543C113067E}.Debug|Any CPU.Build.0 = Debug|Any CPU
		{9763D8DC-B428-492E-A078-D543C113067E}.Release|Any CPU.ActiveCfg = Release|Any CPU
		{9763D8DC-B428-492E-A078-D543C113067E}.Release|Any CPU.Build.0 = Release|Any CPU
	EndGlobalSection
	GlobalSection(SolutionProperties) = preSolution
		HideSolutionNode = FALSE
	EndGlobalSection
	GlobalSection(NestedProjects) = preSolution
		{0F4E1696-E3E1-42CC-A73B-07E1E869BDEB} = {02784D84-3500-41FB-9060-A0416A3E6CFF}
		{C0CAC7C6-3979-4D36-A553-C102259A3536} = {FCD31AD5-4856-4950-BFB2-99DADADF7632}
		{85965D20-6CD9-42D8-A514-837E603BC166} = {FCD31AD5-4856-4950-BFB2-99DADADF7632}
		{5F29A8A6-74FF-4934-B933-9BC593434346} = {63F4AE77-76D4-4D23-8FB8-E30084C98E16}
		{DB78C0F5-2369-4B7A-A7FB-7850A043F2E1} = {63F4AE77-76D4-4D23-8FB8-E30084C98E16}
		{CAE04EE8-23A5-4304-86F8-B181B353D060} = {63F4AE77-76D4-4D23-8FB8-E30084C98E16}
		{16C79BB7-7719-459E-8EE9-4C22943304C3} = {63F4AE77-76D4-4D23-8FB8-E30084C98E16}
		{FCD31AD5-4856-4950-BFB2-99DADADF7632} = {02784D84-3500-41FB-9060-A0416A3E6CFF}
		{0C6595E9-0CDD-4AF1-83B4-6AE74DEF4962} = {BB4EDD5B-1BB8-4E2D-B96D-063EAC69EDD4}
		{9763D8DC-B428-492E-A078-D543C113067E} = {BB4EDD5B-1BB8-4E2D-B96D-063EAC69EDD4}
		{BB4EDD5B-1BB8-4E2D-B96D-063EAC69EDD4} = {02784D84-3500-41FB-9060-A0416A3E6CFF}
	EndGlobalSection
EndGlobal
